
Microsoft Visual Studio Solution File, Format Version 12.00
# Visual Studio Version 17
VisualStudioVersion = 17.0.31903.59
MinimumVisualStudioVersion = 10.0.40219.1
Project("{FAE04EC0-301F-11D3-BF4B-00C04F79EFBC}") = "API", "API\API.csproj", "{09AAA368-7120-4289-81A4-1798D86A3DC8}"
EndProject
Project("{FAE04EC0-301F-11D3-BF4B-00C04F79EFBC}") = "Application", "Application\Application.csproj", "{756F2A9E-B260-4C34-B223-3E487AA476CC}"
EndProject
Project("{FAE04EC0-301F-11D3-BF4B-00C04F79EFBC}") = "Domain", "Domain\Domain.csproj", "{6BD112AA-9AED-49B8-9683-3EC4FC548E25}"
EndProject
Project("{FAE04EC0-301F-11D3-BF4B-00C04F79EFBC}") = "Persistence", "Persistence\Persistence.csproj", "{67B7834A-9880-469C-882E-441F790ED3EC}"
EndProject
Global
	GlobalSection(SolutionConfigurationPlatforms) = preSolution
		Debug|Any CPU = Debug|Any CPU
		Debug|x64 = Debug|x64
		Debug|x86 = Debug|x86
		Release|Any CPU = Release|Any CPU
		Release|x64 = Release|x64
		Release|x86 = Release|x86
	EndGlobalSection
	GlobalSection(ProjectConfigurationPlatforms) = postSolution
		{09AAA368-7120-4289-81A4-1798D86A3DC8}.Debug|Any CPU.ActiveCfg = Debug|Any CPU
		{09AAA368-7120-4289-81A4-1798D86A3DC8}.Debug|Any CPU.Build.0 = Debug|Any CPU
		{09AAA368-7120-4289-81A4-1798D86A3DC8}.Debug|x64.ActiveCfg = Debug|Any CPU
		{09AAA368-7120-4289-81A4-1798D86A3DC8}.Debug|x64.Build.0 = Debug|Any CPU
		{09AAA368-7120-4289-81A4-1798D86A3DC8}.Debug|x86.ActiveCfg = Debug|Any CPU
		{09AAA368-7120-4289-81A4-1798D86A3DC8}.Debug|x86.Build.0 = Debug|Any CPU
		{09AAA368-7120-4289-81A4-1798D86A3DC8}.Release|Any CPU.ActiveCfg = Release|Any CPU
		{09AAA368-7120-4289-81A4-1798D86A3DC8}.Release|Any CPU.Build.0 = Release|Any CPU
		{09AAA368-7120-4289-81A4-1798D86A3DC8}.Release|x64.ActiveCfg = Release|Any CPU
		{09AAA368-7120-4289-81A4-1798D86A3DC8}.Release|x64.Build.0 = Release|Any CPU
		{09AAA368-7120-4289-81A4-1798D86A3DC8}.Release|x86.ActiveCfg = Release|Any CPU
		{09AAA368-7120-4289-81A4-1798D86A3DC8}.Release|x86.Build.0 = Release|Any CPU
		{756F2A9E-B260-4C34-B223-3E487AA476CC}.Debug|Any CPU.ActiveCfg = Debug|Any CPU
		{756F2A9E-B260-4C34-B223-3E487AA476CC}.Debug|Any CPU.Build.0 = Debug|Any CPU
		{756F2A9E-B260-4C34-B223-3E487AA476CC}.Debug|x64.ActiveCfg = Debug|Any CPU
		{756F2A9E-B260-4C34-B223-3E487AA476CC}.Debug|x64.Build.0 = Debug|Any CPU
		{756F2A9E-B260-4C34-B223-3E487AA476CC}.Debug|x86.ActiveCfg = Debug|Any CPU
		{756F2A9E-B260-4C34-B223-3E487AA476CC}.Debug|x86.Build.0 = Debug|Any CPU
		{756F2A9E-B260-4C34-B223-3E487AA476CC}.Release|Any CPU.ActiveCfg = Release|Any CPU
		{756F2A9E-B260-4C34-B223-3E487AA476CC}.Release|Any CPU.Build.0 = Release|Any CPU
		{756F2A9E-B260-4C34-B223-3E487AA476CC}.Release|x64.ActiveCfg = Release|Any CPU
		{756F2A9E-B260-4C34-B223-3E487AA476CC}.Release|x64.Build.0 = Release|Any CPU
		{756F2A9E-B260-4C34-B223-3E487AA476CC}.Release|x86.ActiveCfg = Release|Any CPU
		{756F2A9E-B260-4C34-B223-3E487AA476CC}.Release|x86.Build.0 = Release|Any CPU
		{6BD112AA-9AED-49B8-9683-3EC4FC548E25}.Debug|Any CPU.ActiveCfg = Debug|Any CPU
		{6BD112AA-9AED-49B8-9683-3EC4FC548E25}.Debug|Any CPU.Build.0 = Debug|Any CPU
		{6BD112AA-9AED-49B8-9683-3EC4FC548E25}.Debug|x64.ActiveCfg = Debug|Any CPU
		{6BD112AA-9AED-49B8-9683-3EC4FC548E25}.Debug|x64.Build.0 = Debug|Any CPU
		{6BD112AA-9AED-49B8-9683-3EC4FC548E25}.Debug|x86.ActiveCfg = Debug|Any CPU
		{6BD112AA-9AED-49B8-9683-3EC4FC548E25}.Debug|x86.Build.0 = Debug|Any CPU
		{6BD112AA-9AED-49B8-9683-3EC4FC548E25}.Release|Any CPU.ActiveCfg = Release|Any CPU
		{6BD112AA-9AED-49B8-9683-3EC4FC548E25}.Release|Any CPU.Build.0 = Release|Any CPU
		{6BD112AA-9AED-49B8-9683-3EC4FC548E25}.Release|x64.ActiveCfg = Release|Any CPU
		{6BD112AA-9AED-49B8-9683-3EC4FC548E25}.Release|x64.Build.0 = Release|Any CPU
		{6BD112AA-9AED-49B8-9683-3EC4FC548E25}.Release|x86.ActiveCfg = Release|Any CPU
		{6BD112AA-9AED-49B8-9683-3EC4FC548E25}.Release|x86.Build.0 = Release|Any CPU
		{67B7834A-9880-469C-882E-441F790ED3EC}.Debug|Any CPU.ActiveCfg = Debug|Any CPU
		{67B7834A-9880-469C-882E-441F790ED3EC}.Debug|Any CPU.Build.0 = Debug|Any CPU
		{67B7834A-9880-469C-882E-441F790ED3EC}.Debug|x64.ActiveCfg = Debug|Any CPU
		{67B7834A-9880-469C-882E-441F790ED3EC}.Debug|x64.Build.0 = Debug|Any CPU
		{67B7834A-9880-469C-882E-441F790ED3EC}.Debug|x86.ActiveCfg = Debug|Any CPU
		{67B7834A-9880-469C-882E-441F790ED3EC}.Debug|x86.Build.0 = Debug|Any CPU
		{67B7834A-9880-469C-882E-441F790ED3EC}.Release|Any CPU.ActiveCfg = Release|Any CPU
		{67B7834A-9880-469C-882E-441F790ED3EC}.Release|Any CPU.Build.0 = Release|Any CPU
		{67B7834A-9880-469C-882E-441F790ED3EC}.Release|x64.ActiveCfg = Release|Any CPU
		{67B7834A-9880-469C-882E-441F790ED3EC}.Release|x64.Build.0 = Release|Any CPU
		{67B7834A-9880-469C-882E-441F790ED3EC}.Release|x86.ActiveCfg = Release|Any CPU
		{67B7834A-9880-469C-882E-441F790ED3EC}.Release|x86.Build.0 = Release|Any CPU
	EndGlobalSection
	GlobalSection(SolutionProperties) = preSolution
		HideSolutionNode = FALSE
	EndGlobalSection
EndGlobal
